
Microsoft Visual Studio Solution File, Format Version 12.00
# Visual Studio Version 17
VisualStudioVersion = 17.14.36623.8
MinimumVisualStudioVersion = 10.0.40219.1
Project("{FAE04EC0-301F-11D3-BF4B-00C04F79EFBC}") = "Web_QuanLy_PolyCafe", "Web_QuanLy_PolyCafe\Web_QuanLy_PolyCafe.csproj", "{2408E09C-4759-4F2B-B8A3-89FF14302A6A}"
EndProject
Project("{FAE04EC0-301F-11D3-BF4B-00C04F79EFBC}") = "Web_QuanLy_PolyCafe.Tests", "Web_QuanLy_PolyCafe.Tests\Web_QuanLy_PolyCafe.Tests.csproj", "{382F090B-C91B-4F49-9F03-C91CCBA36CE7}"
EndProject
Global
	GlobalSection(SolutionConfigurationPlatforms) = preSolution
		Debug|Any CPU = Debug|Any CPU
		Release|Any CPU = Release|Any CPU
	EndGlobalSection
	GlobalSection(ProjectConfigurationPlatforms) = postSolution
		{2408E09C-4759-4F2B-B8A3-89FF14302A6A}.Debug|Any CPU.ActiveCfg = Debug|Any CPU
		{2408E09C-4759-4F2B-B8A3-89FF14302A6A}.Debug|Any CPU.Build.0 = Debug|Any CPU
		{2408E09C-4759-4F2B-B8A3-89FF14302A6A}.Release|Any CPU.ActiveCfg = Release|Any CPU
		{2408E09C-4759-4F2B-B8A3-89FF14302A6A}.Release|Any CPU.Build.0 = Release|Any CPU
		{382F090B-C91B-4F49-9F03-C91CCBA36CE7}.Debug|Any CPU.ActiveCfg = Debug|Any CPU
		{382F090B-C91B-4F49-9F03-C91CCBA36CE7}.Debug|Any CPU.Build.0 = Debug|Any CPU
		{382F090B-C91B-4F49-9F03-C91CCBA36CE7}.Release|Any CPU.ActiveCfg = Release|Any CPU
		{382F090B-C91B-4F49-9F03-C91CCBA36CE7}.Release|Any CPU.Build.0 = Release|Any CPU
	EndGlobalSection
	GlobalSection(SolutionProperties) = preSolution
		HideSolutionNode = FALSE
	EndGlobalSection
	GlobalSection(ExtensibilityGlobals) = postSolution
		SolutionGuid = {1D1B9B61-6ACF-4618-B8FB-DEEAD21DBA0E}
	EndGlobalSection
EndGlobal
